// !$*UTF8*$!
{
	archiveVersion = 1;
	classes = {
	};
	objectVersion = 46;
	objects = {

/* Begin PBXBuildFile section */
		9B23C9571F3F84E500CFC9B8 /* main.c in Sources */ = {isa = PBXBuildFile; fileRef = 9B23C9561F3F84E500CFC9B8 /* main.c */; };
		9B23C95D1F3FAA6200CFC9B8 /* Generator.c in Sources */ = {isa = PBXBuildFile; fileRef = 9B23C95B1F3FAA6200CFC9B8 /* Generator.c */; };
		9B23C9601F3FB0F200CFC9B8 /* StrList.c in Sources */ = {isa = PBXBuildFile; fileRef = 9B23C95E1F3FB0F200CFC9B8 /* StrList.c */; };
/* End PBXBuildFile section */

/* Begin PBXCopyFilesBuildPhase section */
		9B340DEB1F3F5B09007519EE /* CopyFiles */ = {
			isa = PBXCopyFilesBuildPhase;
			buildActionMask = 2147483647;
			dstPath = /usr/share/man/man1/;
			dstSubfolderSpec = 0;
			files = (
			);
			runOnlyForDeploymentPostprocessing = 1;
		};
/* End PBXCopyFilesBuildPhase section */

/* Begin PBXFileReference section */
		9B23C9551F3F84CE00CFC9B8 /* SmBios.h */ = {isa = PBXFileReference; fileEncoding = 4; lastKnownFileType = sourcecode.c.h; name = SmBios.h; path = SmBiosGen/IndustryStandard/SmBios.h; sourceTree = "<group>"; };
		9B23C9561F3F84E500CFC9B8 /* main.c */ = {isa = PBXFileReference; fileEncoding = 4; lastKnownFileType = sourcecode.c.c; name = main.c; path = SmBiosGen/main.c; sourceTree = SOURCE_ROOT; };
		9B23C9581F3F853900CFC9B8 /* Types.h */ = {isa = PBXFileReference; lastKnownFileType = sourcecode.c.h; name = Types.h; path = SmBiosGen/Types.h; sourceTree = SOURCE_ROOT; };
		9B23C9591F3F9FFB00CFC9B8 /* AppleSmBios.h */ = {isa = PBXFileReference; lastKnownFileType = sourcecode.c.h; name = AppleSmBios.h; path = SmBiosGen/IndustryStandard/AppleSmBios.h; sourceTree = "<group>"; };
		9B23C95A1F3FA9A600CFC9B8 /* Versions.h */ = {isa = PBXFileReference; fileEncoding = 4; lastKnownFileType = sourcecode.c.h; name = Versions.h; path = ../SmBiosGen/Versions.h; sourceTree = "<group>"; };
		9B23C95B1F3FAA6200CFC9B8 /* Generator.c */ = {isa = PBXFileReference; fileEncoding = 4; lastKnownFileType = sourcecode.c.c; name = Generator.c; path = SmBiosGen/Generator.c; sourceTree = SOURCE_ROOT; };
		9B23C95C1F3FAA6200CFC9B8 /* Generator.h */ = {isa = PBXFileReference; fileEncoding = 4; lastKnownFileType = sourcecode.c.h; name = Generator.h; path = SmBiosGen/Generator.h; sourceTree = SOURCE_ROOT; };
		9B23C95E1F3FB0F200CFC9B8 /* StrList.c */ = {isa = PBXFileReference; fileEncoding = 4; lastKnownFileType = sourcecode.c.c; name = StrList.c; path = SmBiosGen/StrList.c; sourceTree = SOURCE_ROOT; };
		9B23C95F1F3FB0F200CFC9B8 /* StrList.h */ = {isa = PBXFileReference; fileEncoding = 4; lastKnownFileType = sourcecode.c.h; name = StrList.h; path = SmBiosGen/StrList.h; sourceTree = SOURCE_ROOT; };
		9B340DED1F3F5B09007519EE /* SmBiosGen */ = {isa = PBXFileReference; explicitFileType = "compiled.mach-o.executable"; includeInIndex = 0; path = SmBiosGen; sourceTree = BUILT_PRODUCTS_DIR; };
/* End PBXFileReference section */

/* Begin PBXFrameworksBuildPhase section */
		9B340DEA1F3F5B09007519EE /* Frameworks */ = {
			isa = PBXFrameworksBuildPhase;
			buildActionMask = 2147483647;
			files = (
			);
			runOnlyForDeploymentPostprocessing = 0;
		};
/* End PBXFrameworksBuildPhase section */

/* Begin PBXGroup section */
		9B23C9541F3F839600CFC9B8 /* IndustryStandard */ = {
			isa = PBXGroup;
			children = (
				9B23C9551F3F84CE00CFC9B8 /* SmBios.h */,
				9B23C9591F3F9FFB00CFC9B8 /* AppleSmBios.h */,
			);
			name = IndustryStandard;
			sourceTree = "<group>";
		};
		9B340DE41F3F5B09007519EE = {
			isa = PBXGroup;
			children = (
				9B23C9541F3F839600CFC9B8 /* IndustryStandard */,
				9B340DEF1F3F5B09007519EE /* SmBiosGen */,
				9B340DEE1F3F5B09007519EE /* Products */,
			);
			sourceTree = "<group>";
		};
		9B340DEE1F3F5B09007519EE /* Products */ = {
			isa = PBXGroup;
			children = (
				9B340DED1F3F5B09007519EE /* SmBiosGen */,
			);
			name = Products;
			sourceTree = "<group>";
		};
		9B340DEF1F3F5B09007519EE /* SmBiosGen */ = {
			isa = PBXGroup;
			children = (
				9B23C9561F3F84E500CFC9B8 /* main.c */,
				9B23C95B1F3FAA6200CFC9B8 /* Generator.c */,
				9B23C95C1F3FAA6200CFC9B8 /* Generator.h */,
				9B23C95E1F3FB0F200CFC9B8 /* StrList.c */,
				9B23C95F1F3FB0F200CFC9B8 /* StrList.h */,
				9B23C9581F3F853900CFC9B8 /* Types.h */,
				9B23C95A1F3FA9A600CFC9B8 /* Versions.h */,
			);
			name = SmBiosGen;
			path = "smbios-gen";
			sourceTree = "<group>";
		};
/* End PBXGroup section */

/* Begin PBXNativeTarget section */
		9B340DEC1F3F5B09007519EE /* SmBiosGen */ = {
			isa = PBXNativeTarget;
			buildConfigurationList = 9B340DF41F3F5B09007519EE /* Build configuration list for PBXNativeTarget "SmBiosGen" */;
			buildPhases = (
				9B340DE91F3F5B09007519EE /* Sources */,
				9B340DEA1F3F5B09007519EE /* Frameworks */,
				9B340DEB1F3F5B09007519EE /* CopyFiles */,
			);
			buildRules = (
			);
			dependencies = (
			);
			name = SmBiosGen;
			productName = "smbios-gen";
			productReference = 9B340DED1F3F5B09007519EE /* SmBiosGen */;
			productType = "com.apple.product-type.tool";
		};
/* End PBXNativeTarget section */

/* Begin PBXProject section */
		9B340DE51F3F5B09007519EE /* Project object */ = {
			isa = PBXProject;
			attributes = {
				LastUpgradeCheck = 0830;
				ORGANIZATIONNAME = denskop;
				TargetAttributes = {
					9B340DEC1F3F5B09007519EE = {
						CreatedOnToolsVersion = 8.3.2;
						ProvisioningStyle = Automatic;
					};
				};
			};
			buildConfigurationList = 9B340DE81F3F5B09007519EE /* Build configuration list for PBXProject "SmBiosGen" */;
			compatibilityVersion = "Xcode 3.2";
			developmentRegion = English;
			hasScannedForEncodings = 0;
			knownRegions = (
				en,
			);
			mainGroup = 9B340DE41F3F5B09007519EE;
			productRefGroup = 9B340DEE1F3F5B09007519EE /* Products */;
			projectDirPath = "";
			projectRoot = "";
			targets = (
				9B340DEC1F3F5B09007519EE /* SmBiosGen */,
			);
		};
/* End PBXProject section */

/* Begin PBXSourcesBuildPhase section */
		9B340DE91F3F5B09007519EE /* Sources */ = {
			isa = PBXSourcesBuildPhase;
			buildActionMask = 2147483647;
			files = (
				9B23C9601F3FB0F200CFC9B8 /* StrList.c in Sources */,
				9B23C9571F3F84E500CFC9B8 /* main.c in Sources */,
				9B23C95D1F3FAA6200CFC9B8 /* Generator.c in Sources */,
			);
			runOnlyForDeploymentPostprocessing = 0;
		};
/* End PBXSourcesBuildPhase section */

/* Begin XCBuildConfiguration section */
		9B340DF21F3F5B09007519EE /* Debug */ = {
			isa = XCBuildConfiguration;
			buildSettings = {
				ALWAYS_SEARCH_USER_PATHS = NO;
				CLANG_ANALYZER_NONNULL = YES;
				CLANG_ANALYZER_NUMBER_OBJECT_CONVERSION = YES_AGGRESSIVE;
				CLANG_CXX_LANGUAGE_STANDARD = "gnu++0x";
				CLANG_CXX_LIBRARY = "libc++";
				CLANG_ENABLE_MODULES = YES;
				CLANG_ENABLE_OBJC_ARC = YES;
				CLANG_WARN_BOOL_CONVERSION = YES;
				CLANG_WARN_CONSTANT_CONVERSION = YES;
				CLANG_WARN_DIRECT_OBJC_ISA_USAGE = YES_ERROR;
				CLANG_WARN_DOCUMENTATION_COMMENTS = YES;
				CLANG_WARN_EMPTY_BODY = YES;
				CLANG_WARN_ENUM_CONVERSION = YES;
				CLANG_WARN_INFINITE_RECURSION = YES;
				CLANG_WARN_INT_CONVERSION = YES;
				CLANG_WARN_OBJC_ROOT_CLASS = YES_ERROR;
				CLANG_WARN_SUSPICIOUS_MOVE = YES;
				CLANG_WARN_UNREACHABLE_CODE = YES;
				CLANG_WARN__DUPLICATE_METHOD_MATCH = YES;
				CODE_SIGN_IDENTITY = "-";
				COPY_PHASE_STRIP = NO;
				DEBUG_INFORMATION_FORMAT = dwarf;
				ENABLE_STRICT_OBJC_MSGSEND = YES;
				ENABLE_TESTABILITY = YES;
				GCC_C_LANGUAGE_STANDARD = gnu99;
				GCC_DYNAMIC_NO_PIC = NO;
				GCC_NO_COMMON_BLOCKS = YES;
				GCC_OPTIMIZATION_LEVEL = 0;
				GCC_PREPROCESSOR_DEFINITIONS = (
					"DEBUG=1",
					"$(inherited)",
				);
				GCC_WARN_64_TO_32_BIT_CONVERSION = YES;
				GCC_WARN_ABOUT_RETURN_TYPE = YES_ERROR;
				GCC_WARN_UNDECLARED_SELECTOR = YES;
				GCC_WARN_UNINITIALIZED_AUTOS = YES_AGGRESSIVE;
				GCC_WARN_UNUSED_FUNCTION = YES;
				GCC_WARN_UNUSED_VARIABLE = YES;
				MACOSX_DEPLOYMENT_TARGET = 10.12;
				MTL_ENABLE_DEBUG_INFO = YES;
				ONLY_ACTIVE_ARCH = YES;
				SDKROOT = macosx;
			};
			name = Debug;
		};
		9B340DF31F3F5B09007519EE /* Release */ = {
			isa = XCBuildConfiguration;
			buildSettings = {
				ALWAYS_SEARCH_USER_PATHS = NO;
				CLANG_ANALYZER_NONNULL = YES;
				CLANG_ANALYZER_NUMBER_OBJECT_CONVERSION = YES_AGGRESSIVE;
				CLANG_CXX_LANGUAGE_STANDARD = "gnu++0x";
				CLANG_CXX_LIBRARY = "libc++";
				CLANG_ENABLE_MODULES = YES;
				CLANG_ENABLE_OBJC_ARC = YES;
				CLANG_WARN_BOOL_CONVERSION = YES;
				CLANG_WARN_CONSTANT_CONVERSION = YES;
				CLANG_WARN_DIRECT_OBJC_ISA_USAGE = YES_ERROR;
				CLANG_WARN_DOCUMENTATION_COMMENTS = YES;
				CLANG_WARN_EMPTY_BODY = YES;
				CLANG_WARN_ENUM_CONVERSION = YES;
				CLANG_WARN_INFINITE_RECURSION = YES;
				CLANG_WARN_INT_CONVERSION = YES;
				CLANG_WARN_OBJC_ROOT_CLASS = YES_ERROR;
				CLANG_WARN_SUSPICIOUS_MOVE = YES;
				CLANG_WARN_UNREACHABLE_CODE = YES;
				CLANG_WARN__DUPLICATE_METHOD_MATCH = YES;
				CODE_SIGN_IDENTITY = "-";
				COPY_PHASE_STRIP = NO;
				DEBUG_INFORMATION_FORMAT = "dwarf-with-dsym";
				ENABLE_NS_ASSERTIONS = NO;
				ENABLE_STRICT_OBJC_MSGSEND = YES;
				GCC_C_LANGUAGE_STANDARD = gnu99;
				GCC_NO_COMMON_BLOCKS = YES;
				GCC_WARN_64_TO_32_BIT_CONVERSION = YES;
				GCC_WARN_ABOUT_RETURN_TYPE = YES_ERROR;
				GCC_WARN_UNDECLARED_SELECTOR = YES;
				GCC_WARN_UNINITIALIZED_AUTOS = YES_AGGRESSIVE;
				GCC_WARN_UNUSED_FUNCTION = YES;
				GCC_WARN_UNUSED_VARIABLE = YES;
				MACOSX_DEPLOYMENT_TARGET = 10.12;
				MTL_ENABLE_DEBUG_INFO = NO;
				SDKROOT = macosx;
			};
			name = Release;
		};
		9B340DF51F3F5B09007519EE /* Debug */ = {
			isa = XCBuildConfiguration;
			buildSettings = {
				PRODUCT_NAME = "$(TARGET_NAME)";
			};
			name = Debug;
		};
		9B340DF61F3F5B09007519EE /* Release */ = {
			isa = XCBuildConfiguration;
			buildSettings = {
				PRODUCT_NAME = "$(TARGET_NAME)";
			};
			name = Release;
		};
/* End XCBuildConfiguration section */

/* Begin XCConfigurationList section */
		9B340DE81F3F5B09007519EE /* Build configuration list for PBXProject "SmBiosGen" */ = {
			isa = XCConfigurationList;
			buildConfigurations = (
				9B340DF21F3F5B09007519EE /* Debug */,
				9B340DF31F3F5B09007519EE /* Release */,
			);
			defaultConfigurationIsVisible = 0;
			defaultConfigurationName = Release;
		};
		9B340DF41F3F5B09007519EE /* Build configuration list for PBXNativeTarget "SmBiosGen" */ = {
			isa = XCConfigurationList;
			buildConfigurations = (
				9B340DF51F3F5B09007519EE /* Debug */,
				9B340DF61F3F5B09007519EE /* Release */,
			);
			defaultConfigurationIsVisible = 0;
			defaultConfigurationName = Release;
		};
/* End XCConfigurationList section */
	};
	rootObject = 9B340DE51F3F5B09007519EE /* Project object */;
}
